// !$*UTF8*$!
{
	archiveVersion = 1;
	classes = {
	};
	objectVersion = 55;
	objects = {

/* Begin PBXBuildFile section */
		01702E1429E06D57000F96B9 /* AppDelegate.swift in Sources */ = {isa = PBXBuildFile; fileRef = 01702E1329E06D57000F96B9 /* AppDelegate.swift */; };
		01702E1629E06D57000F96B9 /* SceneDelegate.swift in Sources */ = {isa = PBXBuildFile; fileRef = 01702E1529E06D57000F96B9 /* SceneDelegate.swift */; };
		01702E1829E06D57000F96B9 /* MovieViewConroller.swift in Sources */ = {isa = PBXBuildFile; fileRef = 01702E1729E06D57000F96B9 /* MovieViewConroller.swift */; };
		01702E1D29E06D5B000F96B9 /* Assets.xcassets in Resources */ = {isa = PBXBuildFile; fileRef = 01702E1C29E06D5B000F96B9 /* Assets.xcassets */; };
		01702E2029E06D5B000F96B9 /* LaunchScreen.storyboard in Resources */ = {isa = PBXBuildFile; fileRef = 01702E1E29E06D5B000F96B9 /* LaunchScreen.storyboard */; };
		01702E2929E0A69A000F96B9 /* TMDbManager.swift in Sources */ = {isa = PBXBuildFile; fileRef = 01702E2829E0A69A000F96B9 /* TMDbManager.swift */; };
		01702E2C29E0A6EC000F96B9 /* Movie.swift in Sources */ = {isa = PBXBuildFile; fileRef = 01702E2B29E0A6EC000F96B9 /* Movie.swift */; };
		01702E2F29E0A75D000F96B9 /* Logger.swift in Sources */ = {isa = PBXBuildFile; fileRef = 01702E2E29E0A75D000F96B9 /* Logger.swift */; };
		01702E3129E0A777000F96B9 /* Constants.swift in Sources */ = {isa = PBXBuildFile; fileRef = 01702E3029E0A777000F96B9 /* Constants.swift */; };
		01702E3429E0A7C6000F96B9 /* LogType.swift in Sources */ = {isa = PBXBuildFile; fileRef = 01702E3329E0A7C6000F96B9 /* LogType.swift */; };
		01702E3629E0A7DB000F96B9 /* ManagerFail.swift in Sources */ = {isa = PBXBuildFile; fileRef = 01702E3529E0A7DB000F96B9 /* ManagerFail.swift */; };
		01702E3929E0A81E000F96B9 /* Date+Ext.swift in Sources */ = {isa = PBXBuildFile; fileRef = 01702E3829E0A81E000F96B9 /* Date+Ext.swift */; };
		01702E3D29E0ABD0000F96B9 /* MovieInteractor.swift in Sources */ = {isa = PBXBuildFile; fileRef = 01702E3C29E0ABD0000F96B9 /* MovieInteractor.swift */; };
		01702E3F29E0ABDC000F96B9 /* MoviePresenter.swift in Sources */ = {isa = PBXBuildFile; fileRef = 01702E3E29E0ABDC000F96B9 /* MoviePresenter.swift */; };
		01702E4129E0AD4D000F96B9 /* MovieRouter.swift in Sources */ = {isa = PBXBuildFile; fileRef = 01702E4029E0AD4D000F96B9 /* MovieRouter.swift */; };
		01702E4429E0DDAD000F96B9 /* GenresViewController.swift in Sources */ = {isa = PBXBuildFile; fileRef = 01702E4329E0DDAD000F96B9 /* GenresViewController.swift */; };
		01702E4629E0DDBF000F96B9 /* GenresInteractor.swift in Sources */ = {isa = PBXBuildFile; fileRef = 01702E4529E0DDBF000F96B9 /* GenresInteractor.swift */; };
		01702E4829E0DDCA000F96B9 /* GenresPresenter.swift in Sources */ = {isa = PBXBuildFile; fileRef = 01702E4729E0DDCA000F96B9 /* GenresPresenter.swift */; };
		01702E4A29E0DDD2000F96B9 /* GenresRouter.swift in Sources */ = {isa = PBXBuildFile; fileRef = 01702E4929E0DDD2000F96B9 /* GenresRouter.swift */; };
		01702E4C29E0DEB0000F96B9 /* Genre.swift in Sources */ = {isa = PBXBuildFile; fileRef = 01702E4B29E0DEB0000F96B9 /* Genre.swift */; };
		01702E4E29E0EBBC000F96B9 /* GenresViewDataSource.swift in Sources */ = {isa = PBXBuildFile; fileRef = 01702E4D29E0EBBC000F96B9 /* GenresViewDataSource.swift */; };
		01702E5029E0EC73000F96B9 /* MyCell.swift in Sources */ = {isa = PBXBuildFile; fileRef = 01702E4F29E0EC73000F96B9 /* MyCell.swift */; };
/* End PBXBuildFile section */

/* Begin PBXFileReference section */
		01702E1029E06D57000F96B9 /* MovieStreamTime.app */ = {isa = PBXFileReference; explicitFileType = wrapper.application; includeInIndex = 0; path = MovieStreamTime.app; sourceTree = BUILT_PRODUCTS_DIR; };
		01702E1329E06D57000F96B9 /* AppDelegate.swift */ = {isa = PBXFileReference; lastKnownFileType = sourcecode.swift; path = AppDelegate.swift; sourceTree = "<group>"; };
		01702E1529E06D57000F96B9 /* SceneDelegate.swift */ = {isa = PBXFileReference; lastKnownFileType = sourcecode.swift; path = SceneDelegate.swift; sourceTree = "<group>"; };
		01702E1729E06D57000F96B9 /* MovieViewConroller.swift */ = {isa = PBXFileReference; lastKnownFileType = sourcecode.swift; path = MovieViewConroller.swift; sourceTree = "<group>"; };
		01702E1C29E06D5B000F96B9 /* Assets.xcassets */ = {isa = PBXFileReference; lastKnownFileType = folder.assetcatalog; path = Assets.xcassets; sourceTree = "<group>"; };
		01702E1F29E06D5B000F96B9 /* Base */ = {isa = PBXFileReference; lastKnownFileType = file.storyboard; name = Base; path = Base.lproj/LaunchScreen.storyboard; sourceTree = "<group>"; };
		01702E2129E06D5B000F96B9 /* Info.plist */ = {isa = PBXFileReference; lastKnownFileType = text.plist.xml; path = Info.plist; sourceTree = "<group>"; };
		01702E2829E0A69A000F96B9 /* TMDbManager.swift */ = {isa = PBXFileReference; lastKnownFileType = sourcecode.swift; path = TMDbManager.swift; sourceTree = "<group>"; };
		01702E2B29E0A6EC000F96B9 /* Movie.swift */ = {isa = PBXFileReference; lastKnownFileType = sourcecode.swift; path = Movie.swift; sourceTree = "<group>"; };
		01702E2E29E0A75D000F96B9 /* Logger.swift */ = {isa = PBXFileReference; lastKnownFileType = sourcecode.swift; path = Logger.swift; sourceTree = "<group>"; };
		01702E3029E0A777000F96B9 /* Constants.swift */ = {isa = PBXFileReference; lastKnownFileType = sourcecode.swift; path = Constants.swift; sourceTree = "<group>"; };
		01702E3329E0A7C6000F96B9 /* LogType.swift */ = {isa = PBXFileReference; lastKnownFileType = sourcecode.swift; path = LogType.swift; sourceTree = "<group>"; };
		01702E3529E0A7DB000F96B9 /* ManagerFail.swift */ = {isa = PBXFileReference; lastKnownFileType = sourcecode.swift; path = ManagerFail.swift; sourceTree = "<group>"; };
		01702E3829E0A81E000F96B9 /* Date+Ext.swift */ = {isa = PBXFileReference; lastKnownFileType = sourcecode.swift; path = "Date+Ext.swift"; sourceTree = "<group>"; };
		01702E3C29E0ABD0000F96B9 /* MovieInteractor.swift */ = {isa = PBXFileReference; lastKnownFileType = sourcecode.swift; path = MovieInteractor.swift; sourceTree = "<group>"; };
		01702E3E29E0ABDC000F96B9 /* MoviePresenter.swift */ = {isa = PBXFileReference; lastKnownFileType = sourcecode.swift; path = MoviePresenter.swift; sourceTree = "<group>"; };
		01702E4029E0AD4D000F96B9 /* MovieRouter.swift */ = {isa = PBXFileReference; lastKnownFileType = sourcecode.swift; path = MovieRouter.swift; sourceTree = "<group>"; };
		01702E4329E0DDAD000F96B9 /* GenresViewController.swift */ = {isa = PBXFileReference; lastKnownFileType = sourcecode.swift; path = GenresViewController.swift; sourceTree = "<group>"; };
		01702E4529E0DDBF000F96B9 /* GenresInteractor.swift */ = {isa = PBXFileReference; lastKnownFileType = sourcecode.swift; path = GenresInteractor.swift; sourceTree = "<group>"; };
		01702E4729E0DDCA000F96B9 /* GenresPresenter.swift */ = {isa = PBXFileReference; lastKnownFileType = sourcecode.swift; path = GenresPresenter.swift; sourceTree = "<group>"; };
		01702E4929E0DDD2000F96B9 /* GenresRouter.swift */ = {isa = PBXFileReference; lastKnownFileType = sourcecode.swift; path = GenresRouter.swift; sourceTree = "<group>"; };
		01702E4B29E0DEB0000F96B9 /* Genre.swift */ = {isa = PBXFileReference; lastKnownFileType = sourcecode.swift; path = Genre.swift; sourceTree = "<group>"; };
		01702E4D29E0EBBC000F96B9 /* GenresViewDataSource.swift */ = {isa = PBXFileReference; lastKnownFileType = sourcecode.swift; path = GenresViewDataSource.swift; sourceTree = "<group>"; };
		01702E4F29E0EC73000F96B9 /* MyCell.swift */ = {isa = PBXFileReference; lastKnownFileType = sourcecode.swift; path = MyCell.swift; sourceTree = "<group>"; };
/* End PBXFileReference section */

/* Begin PBXFrameworksBuildPhase section */
		01702E0D29E06D57000F96B9 /* Frameworks */ = {
			isa = PBXFrameworksBuildPhase;
			buildActionMask = 2147483647;
			files = (
			);
			runOnlyForDeploymentPostprocessing = 0;
		};
/* End PBXFrameworksBuildPhase section */

/* Begin PBXGroup section */
		01702E0729E06D57000F96B9 = {
			isa = PBXGroup;
			children = (
				01702E1229E06D57000F96B9 /* MovieStreamTime */,
				01702E1129E06D57000F96B9 /* Products */,
			);
			sourceTree = "<group>";
		};
		01702E1129E06D57000F96B9 /* Products */ = {
			isa = PBXGroup;
			children = (
				01702E1029E06D57000F96B9 /* MovieStreamTime.app */,
			);
			name = Products;
			sourceTree = "<group>";
		};
		01702E1229E06D57000F96B9 /* MovieStreamTime */ = {
			isa = PBXGroup;
			children = (
				01702E2729E0A627000F96B9 /* Managers */,
				01702E2D29E0A751000F96B9 /* Utils */,
				01702E2A29E0A6B7000F96B9 /* Models */,
				01702E3A29E0AABA000F96B9 /* Views */,
				01702E1329E06D57000F96B9 /* AppDelegate.swift */,
				01702E1529E06D57000F96B9 /* SceneDelegate.swift */,
				01702E1C29E06D5B000F96B9 /* Assets.xcassets */,
				01702E1E29E06D5B000F96B9 /* LaunchScreen.storyboard */,
				01702E2129E06D5B000F96B9 /* Info.plist */,
			);
			path = MovieStreamTime;
			sourceTree = "<group>";
		};
		01702E2729E0A627000F96B9 /* Managers */ = {
			isa = PBXGroup;
			children = (
				01702E2829E0A69A000F96B9 /* TMDbManager.swift */,
			);
			path = Managers;
			sourceTree = "<group>";
		};
		01702E2A29E0A6B7000F96B9 /* Models */ = {
			isa = PBXGroup;
			children = (
				01702E2B29E0A6EC000F96B9 /* Movie.swift */,
				01702E4B29E0DEB0000F96B9 /* Genre.swift */,
			);
			path = Models;
			sourceTree = "<group>";
		};
		01702E2D29E0A751000F96B9 /* Utils */ = {
			isa = PBXGroup;
			children = (
				01702E3729E0A7FF000F96B9 /* Extension */,
				01702E3229E0A7B2000F96B9 /* Enums */,
				01702E2E29E0A75D000F96B9 /* Logger.swift */,
				01702E3029E0A777000F96B9 /* Constants.swift */,
			);
			path = Utils;
			sourceTree = "<group>";
		};
		01702E3229E0A7B2000F96B9 /* Enums */ = {
			isa = PBXGroup;
			children = (
				01702E3329E0A7C6000F96B9 /* LogType.swift */,
				01702E3529E0A7DB000F96B9 /* ManagerFail.swift */,
			);
			path = Enums;
			sourceTree = "<group>";
		};
		01702E3729E0A7FF000F96B9 /* Extension */ = {
			isa = PBXGroup;
			children = (
				01702E3829E0A81E000F96B9 /* Date+Ext.swift */,
			);
			path = Extension;
			sourceTree = "<group>";
		};
		01702E3A29E0AABA000F96B9 /* Views */ = {
			isa = PBXGroup;
			children = (
				01702E4229E0DD72000F96B9 /* Genres */,
				01702E3B29E0AB95000F96B9 /* Movies */,
			);
			path = Views;
			sourceTree = "<group>";
		};
		01702E3B29E0AB95000F96B9 /* Movies */ = {
			isa = PBXGroup;
			children = (
				01702E1729E06D57000F96B9 /* MovieViewConroller.swift */,
				01702E3C29E0ABD0000F96B9 /* MovieInteractor.swift */,
				01702E3E29E0ABDC000F96B9 /* MoviePresenter.swift */,
				01702E4029E0AD4D000F96B9 /* MovieRouter.swift */,
			);
			path = Movies;
			sourceTree = "<group>";
		};
		01702E4229E0DD72000F96B9 /* Genres */ = {
			isa = PBXGroup;
			children = (
				01702E4F29E0EC73000F96B9 /* MyCell.swift */,
				01702E4D29E0EBBC000F96B9 /* GenresViewDataSource.swift */,
				01702E4329E0DDAD000F96B9 /* GenresViewController.swift */,
				01702E4529E0DDBF000F96B9 /* GenresInteractor.swift */,
				01702E4729E0DDCA000F96B9 /* GenresPresenter.swift */,
				01702E4929E0DDD2000F96B9 /* GenresRouter.swift */,
			);
			path = Genres;
			sourceTree = "<group>";
		};
/* End PBXGroup section */

/* Begin PBXNativeTarget section */
		01702E0F29E06D57000F96B9 /* MovieStreamTime */ = {
			isa = PBXNativeTarget;
			buildConfigurationList = 01702E2429E06D5B000F96B9 /* Build configuration list for PBXNativeTarget "MovieStreamTime" */;
			buildPhases = (
				01702E0C29E06D57000F96B9 /* Sources */,
				01702E0D29E06D57000F96B9 /* Frameworks */,
				01702E0E29E06D57000F96B9 /* Resources */,
			);
			buildRules = (
			);
			dependencies = (
			);
			name = MovieStreamTime;
			productName = MovieStreamTime;
			productReference = 01702E1029E06D57000F96B9 /* MovieStreamTime.app */;
			productType = "com.apple.product-type.application";
		};
/* End PBXNativeTarget section */

/* Begin PBXProject section */
		01702E0829E06D57000F96B9 /* Project object */ = {
			isa = PBXProject;
			attributes = {
				BuildIndependentTargetsInParallel = 1;
				LastSwiftUpdateCheck = 1330;
				LastUpgradeCheck = 1330;
				TargetAttributes = {
					01702E0F29E06D57000F96B9 = {
						CreatedOnToolsVersion = 13.3.1;
					};
				};
			};
			buildConfigurationList = 01702E0B29E06D57000F96B9 /* Build configuration list for PBXProject "MovieStreamTime" */;
			compatibilityVersion = "Xcode 13.0";
			developmentRegion = en;
			hasScannedForEncodings = 0;
			knownRegions = (
				en,
				Base,
			);
			mainGroup = 01702E0729E06D57000F96B9;
			productRefGroup = 01702E1129E06D57000F96B9 /* Products */;
			projectDirPath = "";
			projectRoot = "";
			targets = (
				01702E0F29E06D57000F96B9 /* MovieStreamTime */,
			);
		};
/* End PBXProject section */

/* Begin PBXResourcesBuildPhase section */
		01702E0E29E06D57000F96B9 /* Resources */ = {
			isa = PBXResourcesBuildPhase;
			buildActionMask = 2147483647;
			files = (
				01702E2029E06D5B000F96B9 /* LaunchScreen.storyboard in Resources */,
				01702E1D29E06D5B000F96B9 /* Assets.xcassets in Resources */,
			);
			runOnlyForDeploymentPostprocessing = 0;
		};
/* End PBXResourcesBuildPhase section */

/* Begin PBXSourcesBuildPhase section */
		01702E0C29E06D57000F96B9 /* Sources */ = {
			isa = PBXSourcesBuildPhase;
			buildActionMask = 2147483647;
			files = (
				01702E1829E06D57000F96B9 /* MovieViewConroller.swift in Sources */,
				01702E5029E0EC73000F96B9 /* MyCell.swift in Sources */,
				01702E4A29E0DDD2000F96B9 /* GenresRouter.swift in Sources */,
				01702E2F29E0A75D000F96B9 /* Logger.swift in Sources */,
				01702E2C29E0A6EC000F96B9 /* Movie.swift in Sources */,
				01702E3D29E0ABD0000F96B9 /* MovieInteractor.swift in Sources */,
				01702E1429E06D57000F96B9 /* AppDelegate.swift in Sources */,
				01702E4E29E0EBBC000F96B9 /* GenresViewDataSource.swift in Sources */,
				01702E4629E0DDBF000F96B9 /* GenresInteractor.swift in Sources */,
				01702E4129E0AD4D000F96B9 /* MovieRouter.swift in Sources */,
				01702E3629E0A7DB000F96B9 /* ManagerFail.swift in Sources */,
				01702E4C29E0DEB0000F96B9 /* Genre.swift in Sources */,
				01702E3429E0A7C6000F96B9 /* LogType.swift in Sources */,
				01702E3F29E0ABDC000F96B9 /* MoviePresenter.swift in Sources */,
				01702E3129E0A777000F96B9 /* Constants.swift in Sources */,
				01702E4429E0DDAD000F96B9 /* GenresViewController.swift in Sources */,
				01702E4829E0DDCA000F96B9 /* GenresPresenter.swift in Sources */,
				01702E2929E0A69A000F96B9 /* TMDbManager.swift in Sources */,
				01702E1629E06D57000F96B9 /* SceneDelegate.swift in Sources */,
				01702E3929E0A81E000F96B9 /* Date+Ext.swift in Sources */,
			);
			runOnlyForDeploymentPostprocessing = 0;
		};
/* End PBXSourcesBuildPhase section */

/* Begin PBXVariantGroup section */
		01702E1E29E06D5B000F96B9 /* LaunchScreen.storyboard */ = {
			isa = PBXVariantGroup;
			children = (
				01702E1F29E06D5B000F96B9 /* Base */,
			);
			name = LaunchScreen.storyboard;
			sourceTree = "<group>";
		};
/* End PBXVariantGroup section */

/* Begin XCBuildConfiguration section */
		01702E2229E06D5B000F96B9 /* Debug */ = {
			isa = XCBuildConfiguration;
			buildSettings = {
				ALWAYS_SEARCH_USER_PATHS = NO;
				CLANG_ANALYZER_NONNULL = YES;
				CLANG_ANALYZER_NUMBER_OBJECT_CONVERSION = YES_AGGRESSIVE;
				CLANG_CXX_LANGUAGE_STANDARD = "gnu++17";
				CLANG_ENABLE_MODULES = YES;
				CLANG_ENABLE_OBJC_ARC = YES;
				CLANG_ENABLE_OBJC_WEAK = YES;
				CLANG_WARN_BLOCK_CAPTURE_AUTORELEASING = YES;
				CLANG_WARN_BOOL_CONVERSION = YES;
				CLANG_WARN_COMMA = YES;
				CLANG_WARN_CONSTANT_CONVERSION = YES;
				CLANG_WARN_DEPRECATED_OBJC_IMPLEMENTATIONS = YES;
				CLANG_WARN_DIRECT_OBJC_ISA_USAGE = YES_ERROR;
				CLANG_WARN_DOCUMENTATION_COMMENTS = YES;
				CLANG_WARN_EMPTY_BODY = YES;
				CLANG_WARN_ENUM_CONVERSION = YES;
				CLANG_WARN_INFINITE_RECURSION = YES;
				CLANG_WARN_INT_CONVERSION = YES;
				CLANG_WARN_NON_LITERAL_NULL_CONVERSION = YES;
				CLANG_WARN_OBJC_IMPLICIT_RETAIN_SELF = YES;
				CLANG_WARN_OBJC_LITERAL_CONVERSION = YES;
				CLANG_WARN_OBJC_ROOT_CLASS = YES_ERROR;
				CLANG_WARN_QUOTED_INCLUDE_IN_FRAMEWORK_HEADER = YES;
				CLANG_WARN_RANGE_LOOP_ANALYSIS = YES;
				CLANG_WARN_STRICT_PROTOTYPES = YES;
				CLANG_WARN_SUSPICIOUS_MOVE = YES;
				CLANG_WARN_UNGUARDED_AVAILABILITY = YES_AGGRESSIVE;
				CLANG_WARN_UNREACHABLE_CODE = YES;
				CLANG_WARN__DUPLICATE_METHOD_MATCH = YES;
				COPY_PHASE_STRIP = NO;
				DEBUG_INFORMATION_FORMAT = dwarf;
				ENABLE_STRICT_OBJC_MSGSEND = YES;
				ENABLE_TESTABILITY = YES;
				GCC_C_LANGUAGE_STANDARD = gnu11;
				GCC_DYNAMIC_NO_PIC = NO;
				GCC_NO_COMMON_BLOCKS = YES;
				GCC_OPTIMIZATION_LEVEL = 0;
				GCC_PREPROCESSOR_DEFINITIONS = (
					"DEBUG=1",
					"$(inherited)",
				);
				GCC_WARN_64_TO_32_BIT_CONVERSION = YES;
				GCC_WARN_ABOUT_RETURN_TYPE = YES_ERROR;
				GCC_WARN_UNDECLARED_SELECTOR = YES;
				GCC_WARN_UNINITIALIZED_AUTOS = YES_AGGRESSIVE;
				GCC_WARN_UNUSED_FUNCTION = YES;
				GCC_WARN_UNUSED_VARIABLE = YES;
				IPHONEOS_DEPLOYMENT_TARGET = 15.4;
				MTL_ENABLE_DEBUG_INFO = INCLUDE_SOURCE;
				MTL_FAST_MATH = YES;
				ONLY_ACTIVE_ARCH = YES;
				SDKROOT = iphoneos;
				SWIFT_ACTIVE_COMPILATION_CONDITIONS = DEBUG;
				SWIFT_OPTIMIZATION_LEVEL = "-Onone";
			};
			name = Debug;
		};
		01702E2329E06D5B000F96B9 /* Release */ = {
			isa = XCBuildConfiguration;
			buildSettings = {
				ALWAYS_SEARCH_USER_PATHS = NO;
				CLANG_ANALYZER_NONNULL = YES;
				CLANG_ANALYZER_NUMBER_OBJECT_CONVERSION = YES_AGGRESSIVE;
				CLANG_CXX_LANGUAGE_STANDARD = "gnu++17";
				CLANG_ENABLE_MODULES = YES;
				CLANG_ENABLE_OBJC_ARC = YES;
				CLANG_ENABLE_OBJC_WEAK = YES;
				CLANG_WARN_BLOCK_CAPTURE_AUTORELEASING = YES;
				CLANG_WARN_BOOL_CONVERSION = YES;
				CLANG_WARN_COMMA = YES;
				CLANG_WARN_CONSTANT_CONVERSION = YES;
				CLANG_WARN_DEPRECATED_OBJC_IMPLEMENTATIONS = YES;
				CLANG_WARN_DIRECT_OBJC_ISA_USAGE = YES_ERROR;
				CLANG_WARN_DOCUMENTATION_COMMENTS = YES;
				CLANG_WARN_EMPTY_BODY = YES;
				CLANG_WARN_ENUM_CONVERSION = YES;
				CLANG_WARN_INFINITE_RECURSION = YES;
				CLANG_WARN_INT_CONVERSION = YES;
				CLANG_WARN_NON_LITERAL_NULL_CONVERSION = YES;
				CLANG_WARN_OBJC_IMPLICIT_RETAIN_SELF = YES;
				CLANG_WARN_OBJC_LITERAL_CONVERSION = YES;
				CLANG_WARN_OBJC_ROOT_CLASS = YES_ERROR;
				CLANG_WARN_QUOTED_INCLUDE_IN_FRAMEWORK_HEADER = YES;
				CLANG_WARN_RANGE_LOOP_ANALYSIS = YES;
				CLANG_WARN_STRICT_PROTOTYPES = YES;
				CLANG_WARN_SUSPICIOUS_MOVE = YES;
				CLANG_WARN_UNGUARDED_AVAILABILITY = YES_AGGRESSIVE;
				CLANG_WARN_UNREACHABLE_CODE = YES;
				CLANG_WARN__DUPLICATE_METHOD_MATCH = YES;
				COPY_PHASE_STRIP = NO;
				DEBUG_INFORMATION_FORMAT = "dwarf-with-dsym";
				ENABLE_NS_ASSERTIONS = NO;
				ENABLE_STRICT_OBJC_MSGSEND = YES;
				GCC_C_LANGUAGE_STANDARD = gnu11;
				GCC_NO_COMMON_BLOCKS = YES;
				GCC_WARN_64_TO_32_BIT_CONVERSION = YES;
				GCC_WARN_ABOUT_RETURN_TYPE = YES_ERROR;
				GCC_WARN_UNDECLARED_SELECTOR = YES;
				GCC_WARN_UNINITIALIZED_AUTOS = YES_AGGRESSIVE;
				GCC_WARN_UNUSED_FUNCTION = YES;
				GCC_WARN_UNUSED_VARIABLE = YES;
				IPHONEOS_DEPLOYMENT_TARGET = 15.4;
				MTL_ENABLE_DEBUG_INFO = NO;
				MTL_FAST_MATH = YES;
				SDKROOT = iphoneos;
				SWIFT_COMPILATION_MODE = wholemodule;
				SWIFT_OPTIMIZATION_LEVEL = "-O";
				VALIDATE_PRODUCT = YES;
			};
			name = Release;
		};
		01702E2529E06D5B000F96B9 /* Debug */ = {
			isa = XCBuildConfiguration;
			buildSettings = {
				ASSETCATALOG_COMPILER_APPICON_NAME = AppIcon;
				ASSETCATALOG_COMPILER_GLOBAL_ACCENT_COLOR_NAME = AccentColor;
				CODE_SIGN_STYLE = Automatic;
				CURRENT_PROJECT_VERSION = 1;
				GENERATE_INFOPLIST_FILE = YES;
				INFOPLIST_FILE = MovieStreamTime/Info.plist;
				INFOPLIST_KEY_UIApplicationSupportsIndirectInputEvents = YES;
				INFOPLIST_KEY_UILaunchStoryboardName = LaunchScreen;
				INFOPLIST_KEY_UISupportedInterfaceOrientations_iPad = "UIInterfaceOrientationPortrait UIInterfaceOrientationPortraitUpsideDown UIInterfaceOrientationLandscapeLeft UIInterfaceOrientationLandscapeRight";
				INFOPLIST_KEY_UISupportedInterfaceOrientations_iPhone = "UIInterfaceOrientationPortrait UIInterfaceOrientationLandscapeLeft UIInterfaceOrientationLandscapeRight";
				LD_RUNPATH_SEARCH_PATHS = (
					"$(inherited)",
					"@executable_path/Frameworks",
				);
				MARKETING_VERSION = 1.0;
				PRODUCT_BUNDLE_IDENTIFIER = com.yilmaz.MovieStreamTime;
				PRODUCT_NAME = "$(TARGET_NAME)";
				SWIFT_EMIT_LOC_STRINGS = YES;
				SWIFT_VERSION = 5.0;
				TARGETED_DEVICE_FAMILY = "1,2";
			};
			name = Debug;
		};
		01702E2629E06D5B000F96B9 /* Release */ = {
			isa = XCBuildConfiguration;
			buildSettings = {
				ASSETCATALOG_COMPILER_APPICON_NAME = AppIcon;
				ASSETCATALOG_COMPILER_GLOBAL_ACCENT_COLOR_NAME = AccentColor;
				CODE_SIGN_STYLE = Automatic;
				CURRENT_PROJECT_VERSION = 1;
				GENERATE_INFOPLIST_FILE = YES;
				INFOPLIST_FILE = MovieStreamTime/Info.plist;
				INFOPLIST_KEY_UIApplicationSupportsIndirectInputEvents = YES;
				INFOPLIST_KEY_UILaunchStoryboardName = LaunchScreen;
				INFOPLIST_KEY_UISupportedInterfaceOrientations_iPad = "UIInterfaceOrientationPortrait UIInterfaceOrientationPortraitUpsideDown UIInterfaceOrientationLandscapeLeft UIInterfaceOrientationLandscapeRight";
				INFOPLIST_KEY_UISupportedInterfaceOrientations_iPhone = "UIInterfaceOrientationPortrait UIInterfaceOrientationLandscapeLeft UIInterfaceOrientationLandscapeRight";
				LD_RUNPATH_SEARCH_PATHS = (
					"$(inherited)",
					"@executable_path/Frameworks",
				);
				MARKETING_VERSION = 1.0;
				PRODUCT_BUNDLE_IDENTIFIER = com.yilmaz.MovieStreamTime;
				PRODUCT_NAME = "$(TARGET_NAME)";
				SWIFT_EMIT_LOC_STRINGS = YES;
				SWIFT_VERSION = 5.0;
				TARGETED_DEVICE_FAMILY = "1,2";
			};
			name = Release;
		};
/* End XCBuildConfiguration section */

/* Begin XCConfigurationList section */
		01702E0B29E06D57000F96B9 /* Build configuration list for PBXProject "MovieStreamTime" */ = {
			isa = XCConfigurationList;
			buildConfigurations = (
				01702E2229E06D5B000F96B9 /* Debug */,
				01702E2329E06D5B000F96B9 /* Release */,
			);
			defaultConfigurationIsVisible = 0;
			defaultConfigurationName = Release;
		};
		01702E2429E06D5B000F96B9 /* Build configuration list for PBXNativeTarget "MovieStreamTime" */ = {
			isa = XCConfigurationList;
			buildConfigurations = (
				01702E2529E06D5B000F96B9 /* Debug */,
				01702E2629E06D5B000F96B9 /* Release */,
			);
			defaultConfigurationIsVisible = 0;
			defaultConfigurationName = Release;
		};
/* End XCConfigurationList section */
	};
	rootObject = 01702E0829E06D57000F96B9 /* Project object */;
}
